
Microsoft Visual Studio Solution File, Format Version 12.00
# Visual Studio Version 16
VisualStudioVersion = 16.0.30517.126
MinimumVisualStudioVersion = 10.0.40219.1
Project("{2150E333-8FDC-42A3-9474-1A3956D46DE8}") = "Domain", "Domain", "{A11A61F5-BE66-41F6-88A7-75158EAD321C}"
EndProject
Project("{2150E333-8FDC-42A3-9474-1A3956D46DE8}") = "DataAcccess", "DataAcccess", "{4155172B-BD9D-4FBB-8281-38B2A5A50F30}"
EndProject
Project("{2150E333-8FDC-42A3-9474-1A3956D46DE8}") = "BLL", "BLL", "{DEACFC3D-DAC7-4F8E-8565-5BC034996E37}"
EndProject
Project("{2150E333-8FDC-42A3-9474-1A3956D46DE8}") = "Api", "Api", "{126DA1EC-44AD-448A-8A4F-C715D2C04B60}"
EndProject
Project("{FAE04EC0-301F-11D3-BF4B-00C04F79EFBC}") = "WSB.EmployeeSelfService.Domain", "WSB.EmployeeSelfService.Domain\WSB.EmployeeSelfService.Domain.csproj", "{3FC88E07-787E-4AE3-875A-0E6430AE6D15}"
EndProject
Project("{FAE04EC0-301F-11D3-BF4B-00C04F79EFBC}") = "WSB.EmployeeSelfService.DAL", "WSB.EmployeeSelfService.DAL\WSB.EmployeeSelfService.DAL.csproj", "{C088D2CE-7E36-4C5E-9798-28FE9727C28D}"
EndProject
Project("{FAE04EC0-301F-11D3-BF4B-00C04F79EFBC}") = "WSB.EmployeeSelfService.BLL", "WSB.EmployeeSelfService.BLL\WSB.EmployeeSelfService.BLL.csproj", "{DC217BDC-8741-4C5E-B836-87B2834C796F}"
EndProject
Project("{FAE04EC0-301F-11D3-BF4B-00C04F79EFBC}") = "WSB.EmployeeSelfService.Api", "WSB.EmployeeSelfService.Api\WSB.EmployeeSelfService.Api.csproj", "{58075490-4398-4F19-A647-70C1768C9EAF}"
EndProject
Global
	GlobalSection(SolutionConfigurationPlatforms) = preSolution
		Debug|Any CPU = Debug|Any CPU
		Release|Any CPU = Release|Any CPU
	EndGlobalSection
	GlobalSection(ProjectConfigurationPlatforms) = postSolution
		{3FC88E07-787E-4AE3-875A-0E6430AE6D15}.Debug|Any CPU.ActiveCfg = Debug|Any CPU
		{3FC88E07-787E-4AE3-875A-0E6430AE6D15}.Debug|Any CPU.Build.0 = Debug|Any CPU
		{3FC88E07-787E-4AE3-875A-0E6430AE6D15}.Release|Any CPU.ActiveCfg = Release|Any CPU
		{3FC88E07-787E-4AE3-875A-0E6430AE6D15}.Release|Any CPU.Build.0 = Release|Any CPU
		{C088D2CE-7E36-4C5E-9798-28FE9727C28D}.Debug|Any CPU.ActiveCfg = Debug|Any CPU
		{C088D2CE-7E36-4C5E-9798-28FE9727C28D}.Debug|Any CPU.Build.0 = Debug|Any CPU
		{C088D2CE-7E36-4C5E-9798-28FE9727C28D}.Release|Any CPU.ActiveCfg = Release|Any CPU
		{C088D2CE-7E36-4C5E-9798-28FE9727C28D}.Release|Any CPU.Build.0 = Release|Any CPU
		{DC217BDC-8741-4C5E-B836-87B2834C796F}.Debug|Any CPU.ActiveCfg = Debug|Any CPU
		{DC217BDC-8741-4C5E-B836-87B2834C796F}.Debug|Any CPU.Build.0 = Debug|Any CPU
		{DC217BDC-8741-4C5E-B836-87B2834C796F}.Release|Any CPU.ActiveCfg = Release|Any CPU
		{DC217BDC-8741-4C5E-B836-87B2834C796F}.Release|Any CPU.Build.0 = Release|Any CPU
		{58075490-4398-4F19-A647-70C1768C9EAF}.Debug|Any CPU.ActiveCfg = Debug|Any CPU
		{58075490-4398-4F19-A647-70C1768C9EAF}.Debug|Any CPU.Build.0 = Debug|Any CPU
		{58075490-4398-4F19-A647-70C1768C9EAF}.Release|Any CPU.ActiveCfg = Release|Any CPU
		{58075490-4398-4F19-A647-70C1768C9EAF}.Release|Any CPU.Build.0 = Release|Any CPU
	EndGlobalSection
	GlobalSection(SolutionProperties) = preSolution
		HideSolutionNode = FALSE
	EndGlobalSection
	GlobalSection(NestedProjects) = preSolution
		{3FC88E07-787E-4AE3-875A-0E6430AE6D15} = {A11A61F5-BE66-41F6-88A7-75158EAD321C}
		{C088D2CE-7E36-4C5E-9798-28FE9727C28D} = {4155172B-BD9D-4FBB-8281-38B2A5A50F30}
		{DC217BDC-8741-4C5E-B836-87B2834C796F} = {DEACFC3D-DAC7-4F8E-8565-5BC034996E37}
		{58075490-4398-4F19-A647-70C1768C9EAF} = {126DA1EC-44AD-448A-8A4F-C715D2C04B60}
	EndGlobalSection
	GlobalSection(ExtensibilityGlobals) = postSolution
		SolutionGuid = {00924C55-3AE1-4F71-B00A-506D7646D263}
	EndGlobalSection
EndGlobal
